
Microsoft Visual Studio Solution File, Format Version 12.00
# Visual Studio Version 17
VisualStudioVersion = 17.8.34330.188
MinimumVisualStudioVersion = 10.0.40219.1
Project("{FAE04EC0-301F-11D3-BF4B-00C04F79EFBC}") = "CRUD_DocPro_DMS", "CRUD_DocPro_DMS.csproj", "{C130385A-67F3-4826-8FFF-8788FAD81F6D}"
EndProject
Global
	GlobalSection(SolutionConfigurationPlatforms) = preSolution
		Debug|Any CPU = Debug|Any CPU
		Release|Any CPU = Release|Any CPU
	EndGlobalSection
	GlobalSection(ProjectConfigurationPlatforms) = postSolution
		{C130385A-67F3-4826-8FFF-8788FAD81F6D}.Debug|Any CPU.ActiveCfg = Debug|Any CPU
		{C130385A-67F3-4826-8FFF-8788FAD81F6D}.Debug|Any CPU.Build.0 = Debug|Any CPU
		{C130385A-67F3-4826-8FFF-8788FAD81F6D}.Release|Any CPU.ActiveCfg = Release|Any CPU
		{C130385A-67F3-4826-8FFF-8788FAD81F6D}.Release|Any CPU.Build.0 = Release|Any CPU
	EndGlobalSection
	GlobalSection(SolutionProperties) = preSolution
		HideSolutionNode = FALSE
	EndGlobalSection
	GlobalSection(ExtensibilityGlobals) = postSolution
		SolutionGuid = {999125B0-58B5-49D2-8FC9-6854C58D750E}
	EndGlobalSection
EndGlobal
